{
  "requires": true,
  "lockfileVersion": 1,
  "dependencies": {
    "breakpoint-sass": {
      "version": "2.7.1",
      "resolved": "https://registry.npmjs.org/breakpoint-sass/-/breakpoint-sass-2.7.1.tgz",
      "integrity": "sha1-jvbEdE3MJbqD2Wm2yaF+XaopmAo="
    },
    "jquery": {
      "version": "3.3.1",
      "resolved": "https://registry.npmjs.org/jquery/-/jquery-3.3.1.tgz",
      "integrity": "sha512-Ubldcmxp5np52/ENotGxlLe6aGMvmF4R8S6tZjsP6Knsaxd/xp3Zrh50cG93lR6nPXyUFwzN3ZSOQI0wRJNdGg=="
    },
    "owl.carousel": {
      "version": "2.3.4",
      "resolved": "https://registry.npmjs.org/owl.carousel/-/owl.carousel-2.3.4.tgz",
      "integrity": "sha512-JaDss9+feAvEW8KZppPSpllfposEzQiW+Ytt/Xm5t/3CTJ7YVmkh6RkWixoA2yXk2boIwedYxOvrrppIGzru9A==",
      "requires": {
        "jquery": ">=1.8.3"
      }
    },
    "susy": {
      "version": "2.2.14",
      "resolved": "https://registry.npmjs.org/susy/-/susy-2.2.14.tgz",
      "integrity": "sha512-4I7Cb4Cjw2TF6ZEMxT8W9/Ap35Kn/r6y3LIO+NzaMRBxfbmT+w2KvbrANG/JCqJjlPgqvwLfLF9vmndSMGZuLg=="
    }
  }
}
